
Microsoft Visual Studio Solution File, Format Version 12.00
Project("{FAE04EC0-301F-11D3-BF4B-00C04F79EFBC}") = "Listening.WebApi", "Listening.WebApi\Listening.WebApi.csproj", "{81C0DD26-5136-4FAB-B973-E429B58C6E03}"
EndProject
Project("{FAE04EC0-301F-11D3-BF4B-00C04F79EFBC}") = "Listening.Domain", "Listening.Domain\Listening.Domain.csproj", "{A7FA6B85-604A-42DB-9386-FD8F7DAFF1FF}"
EndProject
Project("{FAE04EC0-301F-11D3-BF4B-00C04F79EFBC}") = "Listening.Infrastructure", "Listening.Infrastructure\Listening.Infrastructure.csproj", "{7068DFF8-E585-448D-8B84-ED630AF82673}"
EndProject
Project("{FAE04EC0-301F-11D3-BF4B-00C04F79EFBC}") = "Listening.Application", "Listening.Application\Listening.Application.csproj", "{12C65428-3C17-4608-87DB-C27C55E02074}"
EndProject
Global
	GlobalSection(SolutionConfigurationPlatforms) = preSolution
		Debug|Any CPU = Debug|Any CPU
		Release|Any CPU = Release|Any CPU
	EndGlobalSection
	GlobalSection(ProjectConfigurationPlatforms) = postSolution
		{81C0DD26-5136-4FAB-B973-E429B58C6E03}.Debug|Any CPU.ActiveCfg = Debug|Any CPU
		{81C0DD26-5136-4FAB-B973-E429B58C6E03}.Debug|Any CPU.Build.0 = Debug|Any CPU
		{81C0DD26-5136-4FAB-B973-E429B58C6E03}.Release|Any CPU.ActiveCfg = Release|Any CPU
		{81C0DD26-5136-4FAB-B973-E429B58C6E03}.Release|Any CPU.Build.0 = Release|Any CPU
		{A7FA6B85-604A-42DB-9386-FD8F7DAFF1FF}.Debug|Any CPU.ActiveCfg = Debug|Any CPU
		{A7FA6B85-604A-42DB-9386-FD8F7DAFF1FF}.Debug|Any CPU.Build.0 = Debug|Any CPU
		{A7FA6B85-604A-42DB-9386-FD8F7DAFF1FF}.Release|Any CPU.ActiveCfg = Release|Any CPU
		{A7FA6B85-604A-42DB-9386-FD8F7DAFF1FF}.Release|Any CPU.Build.0 = Release|Any CPU
		{7068DFF8-E585-448D-8B84-ED630AF82673}.Debug|Any CPU.ActiveCfg = Debug|Any CPU
		{7068DFF8-E585-448D-8B84-ED630AF82673}.Debug|Any CPU.Build.0 = Debug|Any CPU
		{7068DFF8-E585-448D-8B84-ED630AF82673}.Release|Any CPU.ActiveCfg = Release|Any CPU
		{7068DFF8-E585-448D-8B84-ED630AF82673}.Release|Any CPU.Build.0 = Release|Any CPU
		{12C65428-3C17-4608-87DB-C27C55E02074}.Debug|Any CPU.ActiveCfg = Debug|Any CPU
		{12C65428-3C17-4608-87DB-C27C55E02074}.Debug|Any CPU.Build.0 = Debug|Any CPU
		{12C65428-3C17-4608-87DB-C27C55E02074}.Release|Any CPU.ActiveCfg = Release|Any CPU
		{12C65428-3C17-4608-87DB-C27C55E02074}.Release|Any CPU.Build.0 = Release|Any CPU
	EndGlobalSection
EndGlobal
